{
  "name": "workspace",
  "version": "0.0.0",
  "lockfileVersion": 3,
  "requires": true,
  "packages": {
    "": {
      "name": "workspace",
      "version": "0.0.0",
      "hasInstallScript": true,
      "license": "MIT",
      "dependencies": {
        "@replit/connectors-sdk": "^0.4.1",
        "@types/react-speech-recognition": "^3.9.6",
        "react-speech-recognition": "^4.0.1"
      },
      "devDependencies": {
        "prettier": "^3.9.5",
        "typescript": "~5.9.3"
      }
    },
    "node_modules/@replit/connectors-sdk": {
      "version": "0.4.1",
      "resolved": "https://registry.npmjs.org/@replit/connectors-sdk/-/connectors-sdk-0.4.1.tgz",
      "integrity": "sha512-iw0uy95+Qul8MPc/bBo8hBfYk1wm6RpBZ9sHyCpcA9A9T4zcUT9deSQxdyMyI0w3sv3+5uGmdfq1TpFTMrjD1g=="
    },
    "node_modules/@types/dom-speech-recognition": {
      "version": "0.0.12",
      "resolved": "https://registry.npmjs.org/@types/dom-speech-recognition/-/dom-speech-recognition-0.0.12.tgz",
      "integrity": "sha512-SmLovKV3e/J71U5CBmKYe03Q75biuw7jiEWGoO1arc47CjtmxCr+W7cPJcAAwySSJFwr+jWkr/fPVuVuL+D6Dw==",
      "license": "MIT"
    },
    "node_modules/@types/react-speech-recognition": {
      "version": "3.9.6",
      "resolved": "https://registry.npmjs.org/@types/react-speech-recognition/-/react-speech-recognition-3.9.6.tgz",
      "integrity": "sha512-cdzwXIZXWyp8zfM2XI7APDW1rZf4Nz73T4SIS2y+cC7zHnZluCdumYKH6HacxgxJH+zemAq2oXbHWXcyW0eT3A==",
      "license": "MIT",
      "dependencies": {
        "@types/dom-speech-recognition": "*"
      }
    },
    "node_modules/lodash.debounce": {
      "version": "4.0.8",
      "resolved": "https://registry.npmjs.org/lodash.debounce/-/lodash.debounce-4.0.8.tgz",
      "integrity": "sha512-FT1yDzDYEoYWhnSGnpE/4Kj1fLZkDFyqRb7fNt6FdYOSxlUWAtp42Eh6Wb0rGIv/m9Bgo7x4GhQbm5Ys4SG5ow==",
      "license": "MIT"
    },
    "node_modules/prettier": {
      "version": "3.9.6",
      "resolved": "https://registry.npmjs.org/prettier/-/prettier-3.9.6.tgz",
      "integrity": "sha512-OpN0zzVdiaiAhxpuuj5efpIS4sY9j7bY6uR5mnj5yPzGkdkjNKSJeUThPb60Jw29QuAZgA4o+/iB49kFiaBX6g==",
      "dev": true,
      "license": "MIT",
      "bin": {
        "prettier": "bin/prettier.cjs"
      },
      "engines": {
        "node": ">=14"
      },
      "funding": {
        "url": "https://github.com/prettier/prettier?sponsor=1"
      }
    },
    "node_modules/react-speech-recognition": {
      "version": "4.0.1",
      "resolved": "https://registry.npmjs.org/react-speech-recognition/-/react-speech-recognition-4.0.1.tgz",
      "integrity": "sha512-0fIqzLtfY8vuYA6AmJVK7qiabZx0oFKOO+rbiBgFI3COWVGREy0A+gdU16hWXmFebeyrI8JsOLYsWk6WaHUXRw==",
      "license": "MIT",
      "dependencies": {
        "lodash.debounce": "^4.0.8"
      },
      "peerDependencies": {
        "react": ">=16.8.0"
      }
    },
    "node_modules/typescript": {
      "version": "5.9.3",
      "resolved": "https://registry.npmjs.org/typescript/-/typescript-5.9.3.tgz",
      "integrity": "sha512-jl1vZzPDinLr9eUt3J/t7V6FgNEw9QjvBPdysz9KfQDD41fQrC2Y4vKQdiaUpFT4bXlb1RHhLpp8wtm6M5TgSw==",
      "dev": true,
      "license": "Apache-2.0",
      "bin": {
        "tsc": "bin/tsc",
        "tsserver": "bin/tsserver"
      },
      "engines": {
        "node": ">=14.17"
      }
    }
  }
}
